{
  "name": "tempeh",
  "lockfileVersion": 2,
  "requires": true,
  "packages": {
    "": {
      "dependencies": {
        "@minify-html/node": "^0.11.1",
        "lightningcss": "^1.22.0",
        "marked": "^9.1.2"
      }
    },
    "node_modules/@minify-html/node": {
      "version": "0.11.1",
      "resolved": "https://registry.npmjs.org/@minify-html/node/-/node-0.11.1.tgz",
      "integrity": "sha512-f+3VvBszFaY5xx8e7POka1K1FnVZur8Apk18uaI4lSyZrzmpLlkSBZfXOPHVhChFc0TDI+RQuBD+ws4qIt9+mg==",
      "hasInstallScript": true,
      "dependencies": {
        "cargo-cp-artifact": "^0.1"
      },
      "bin": {
        "minify-html": "cli.js"
      },
      "engines": {
        "node": ">= 8.6.0"
      }
    },
    "node_modules/cargo-cp-artifact": {
      "version": "0.1.8",
      "resolved": "https://registry.npmjs.org/cargo-cp-artifact/-/cargo-cp-artifact-0.1.8.tgz",
      "integrity": "sha512-3j4DaoTrsCD1MRkTF2Soacii0Nx7UHCce0EwUf4fHnggwiE4fbmF2AbnfzayR36DF8KGadfh7M/Yfy625kgPlA==",
      "bin": {
        "cargo-cp-artifact": "bin/cargo-cp-artifact.js"
      }
    },
    "node_modules/detect-libc": {
      "version": "1.0.3",
      "resolved": "https://registry.npmjs.org/detect-libc/-/detect-libc-1.0.3.tgz",
      "integrity": "sha512-pGjwhsmsp4kL2RTz08wcOlGN83otlqHeD/Z5T8GXZB+/YcpQ/dgo+lbU8ZsGxV0HIvqqxo9l7mqYwyYMD9bKDg==",
      "bin": {
        "detect-libc": "bin/detect-libc.js"
      },
      "engines": {
        "node": ">=0.10"
      }
    },
    "node_modules/lightningcss": {
      "version": "1.22.0",
      "resolved": "https://registry.npmjs.org/lightningcss/-/lightningcss-1.22.0.tgz",
      "integrity": "sha512-+z0qvwRVzs4XGRXelnWRNwqsXUx8k3bSkbP8vD42kYKSk3z9OM2P3e/gagT7ei/gwh8DTS80LZOFZV6lm8Z8Fg==",
      "dependencies": {
        "detect-libc": "^1.0.3"
      },
      "engines": {
        "node": ">= 12.0.0"
      },
      "funding": {
        "type": "opencollective",
        "url": "https://opencollective.com/parcel"
      },
      "optionalDependencies": {
        "lightningcss-darwin-arm64": "1.22.0",
        "lightningcss-darwin-x64": "1.22.0",
        "lightningcss-freebsd-x64": "1.22.0",
        "lightningcss-linux-arm-gnueabihf": "1.22.0",
        "lightningcss-linux-arm64-gnu": "1.22.0",
        "lightningcss-linux-arm64-musl": "1.22.0",
        "lightningcss-linux-x64-gnu": "1.22.0",
        "lightningcss-linux-x64-musl": "1.22.0",
        "lightningcss-win32-x64-msvc": "1.22.0"
      }
    },
    "node_modules/lightningcss-darwin-arm64": {
      "version": "1.22.0",
      "resolved": "https://registry.npmjs.org/lightningcss-darwin-arm64/-/lightningcss-darwin-arm64-1.22.0.tgz",
      "integrity": "sha512-aH2be3nNny+It5YEVm8tBSSdRlBVWQV8m2oJ7dESiYRzyY/E/bQUe2xlw5caaMuhlM9aoTMtOH25yzMhir0qPg==",
      "cpu": [
        "arm64"
      ],
      "optional": true,
      "os": [
        "darwin"
      ],
      "engines": {
        "node": ">= 12.0.0"
      },
      "funding": {
        "type": "opencollective",
        "url": "https://opencollective.com/parcel"
      }
    },
    "node_modules/lightningcss-darwin-x64": {
      "version": "1.22.0",
      "resolved": "https://registry.npmjs.org/lightningcss-darwin-x64/-/lightningcss-darwin-x64-1.22.0.tgz",
      "integrity": "sha512-9KHRFA0Y6mNxRHeoQMp0YaI0R0O2kOgUlYPRjuasU4d+pI8NRhVn9bt0yX9VPs5ibWX1RbDViSPtGJvYYrfVAQ==",
      "cpu": [
        "x64"
      ],
      "optional": true,
      "os": [
        "darwin"
      ],
      "engines": {
        "node": ">= 12.0.0"
      },
      "funding": {
        "type": "opencollective",
        "url": "https://opencollective.com/parcel"
      }
    },
    "node_modules/lightningcss-freebsd-x64": {
      "version": "1.22.0",
      "resolved": "https://registry.npmjs.org/lightningcss-freebsd-x64/-/lightningcss-freebsd-x64-1.22.0.tgz",
      "integrity": "sha512-xaYL3xperGwD85rQioDb52ozF3NAJb+9wrge3jD9lxGffplu0Mn35rXMptB8Uc2N9Mw1i3Bvl7+z1evlqVl7ww==",
      "cpu": [
        "x64"
      ],
      "optional": true,
      "os": [
        "freebsd"
      ],
      "engines": {
        "node": ">= 12.0.0"
      },
      "funding": {
        "type": "opencollective",
        "url": "https://opencollective.com/parcel"
      }
    },
    "node_modules/lightningcss-linux-arm-gnueabihf": {
      "version": "1.22.0",
      "resolved": "https://registry.npmjs.org/lightningcss-linux-arm-gnueabihf/-/lightningcss-linux-arm-gnueabihf-1.22.0.tgz",
      "integrity": "sha512-epQGvXIjOuxrZpMpMnRjK54ZqzhiHhCPLtHvw2fb6NeK2kK9YtF0wqmeTBiQ1AkbWfnnXGTstYaFNiadNK+StQ==",
      "cpu": [
        "arm"
      ],
      "optional": true,
      "os": [
        "linux"
      ],
      "engines": {
        "node": ">= 12.0.0"
      },
      "funding": {
        "type": "opencollective",
        "url": "https://opencollective.com/parcel"
      }
    },
    "node_modules/lightningcss-linux-arm64-gnu": {
      "version": "1.22.0",
      "resolved": "https://registry.npmjs.org/lightningcss-linux-arm64-gnu/-/lightningcss-linux-arm64-gnu-1.22.0.tgz",
      "integrity": "sha512-AArGtKSY4DGTA8xP8SDyNyKtpsUl1Rzq6FW4JomeyUQ4nBrR71uPChksTpj3gmWuGhZeRKLeCUI1DBid/zhChg==",
      "cpu": [
        "arm64"
      ],
      "optional": true,
      "os": [
        "linux"
      ],
      "engines": {
        "node": ">= 12.0.0"
      },
      "funding": {
        "type": "opencollective",
        "url": "https://opencollective.com/parcel"
      }
    },
    "node_modules/lightningcss-linux-arm64-musl": {
      "version": "1.22.0",
      "resolved": "https://registry.npmjs.org/lightningcss-linux-arm64-musl/-/lightningcss-linux-arm64-musl-1.22.0.tgz",
      "integrity": "sha512-RRraNgP8hnBPhInTTUdlFm+z16C/ghbxBG51Sw00hd7HUyKmEUKRozyc5od+/N6pOrX/bIh5vIbtMXIxsos0lg==",
      "cpu": [
        "arm64"
      ],
      "optional": true,
      "os": [
        "linux"
      ],
      "engines": {
        "node": ">= 12.0.0"
      },
      "funding": {
        "type": "opencollective",
        "url": "https://opencollective.com/parcel"
      }
    },
    "node_modules/lightningcss-linux-x64-gnu": {
      "version": "1.22.0",
      "resolved": "https://registry.npmjs.org/lightningcss-linux-x64-gnu/-/lightningcss-linux-x64-gnu-1.22.0.tgz",
      "integrity": "sha512-grdrhYGRi2KrR+bsXJVI0myRADqyA7ekprGxiuK5QRNkv7kj3Yq1fERDNyzZvjisHwKUi29sYMClscbtl+/Zpw==",
      "cpu": [
        "x64"
      ],
      "optional": true,
      "os": [
        "linux"
      ],
      "engines": {
        "node": ">= 12.0.0"
      },
      "funding": {
        "type": "opencollective",
        "url": "https://opencollective.com/parcel"
      }
    },
    "node_modules/lightningcss-linux-x64-musl": {
      "version": "1.22.0",
      "resolved": "https://registry.npmjs.org/lightningcss-linux-x64-musl/-/lightningcss-linux-x64-musl-1.22.0.tgz",
      "integrity": "sha512-t5f90X+iQUtIyR56oXIHMBUyQFX/zwmPt72E6Dane3P8KNGlkijTg2I75XVQS860gNoEFzV7Mm5ArRRA7u5CAQ==",
      "cpu": [
        "x64"
      ],
      "optional": true,
      "os": [
        "linux"
      ],
      "engines": {
        "node": ">= 12.0.0"
      },
      "funding": {
        "type": "opencollective",
        "url": "https://opencollective.com/parcel"
      }
    },
    "node_modules/lightningcss-win32-x64-msvc": {
      "version": "1.22.0",
      "resolved": "https://registry.npmjs.org/lightningcss-win32-x64-msvc/-/lightningcss-win32-x64-msvc-1.22.0.tgz",
      "integrity": "sha512-64HTDtOOZE9PUCZJiZZQpyqXBbdby1lnztBccnqh+NtbKxjnGzP92R2ngcgeuqMPecMNqNWxgoWgTGpC+yN5Sw==",
      "cpu": [
        "x64"
      ],
      "optional": true,
      "os": [
        "win32"
      ],
      "engines": {
        "node": ">= 12.0.0"
      },
      "funding": {
        "type": "opencollective",
        "url": "https://opencollective.com/parcel"
      }
    },
    "node_modules/marked": {
      "version": "9.1.2",
      "resolved": "https://registry.npmjs.org/marked/-/marked-9.1.2.tgz",
      "integrity": "sha512-qoKMJqK0w6vkLk8+KnKZAH6neUZSNaQqVZ/h2yZ9S7CbLuFHyS2viB0jnqcWF9UKjwsAbMrQtnQhdmdvOVOw9w==",
      "bin": {
        "marked": "bin/marked.js"
      },
      "engines": {
        "node": ">= 16"
      }
    }
  },
  "dependencies": {
    "@minify-html/node": {
      "version": "0.11.1",
      "resolved": "https://registry.npmjs.org/@minify-html/node/-/node-0.11.1.tgz",
      "integrity": "sha512-f+3VvBszFaY5xx8e7POka1K1FnVZur8Apk18uaI4lSyZrzmpLlkSBZfXOPHVhChFc0TDI+RQuBD+ws4qIt9+mg==",
      "requires": {
        "cargo-cp-artifact": "^0.1"
      }
    },
    "cargo-cp-artifact": {
      "version": "0.1.8",
      "resolved": "https://registry.npmjs.org/cargo-cp-artifact/-/cargo-cp-artifact-0.1.8.tgz",
      "integrity": "sha512-3j4DaoTrsCD1MRkTF2Soacii0Nx7UHCce0EwUf4fHnggwiE4fbmF2AbnfzayR36DF8KGadfh7M/Yfy625kgPlA=="
    },
    "detect-libc": {
      "version": "1.0.3",
      "resolved": "https://registry.npmjs.org/detect-libc/-/detect-libc-1.0.3.tgz",
      "integrity": "sha512-pGjwhsmsp4kL2RTz08wcOlGN83otlqHeD/Z5T8GXZB+/YcpQ/dgo+lbU8ZsGxV0HIvqqxo9l7mqYwyYMD9bKDg=="
    },
    "lightningcss": {
      "version": "1.22.0",
      "resolved": "https://registry.npmjs.org/lightningcss/-/lightningcss-1.22.0.tgz",
      "integrity": "sha512-+z0qvwRVzs4XGRXelnWRNwqsXUx8k3bSkbP8vD42kYKSk3z9OM2P3e/gagT7ei/gwh8DTS80LZOFZV6lm8Z8Fg==",
      "requires": {
        "detect-libc": "^1.0.3",
        "lightningcss-darwin-arm64": "1.22.0",
        "lightningcss-darwin-x64": "1.22.0",
        "lightningcss-freebsd-x64": "1.22.0",
        "lightningcss-linux-arm-gnueabihf": "1.22.0",
        "lightningcss-linux-arm64-gnu": "1.22.0",
        "lightningcss-linux-arm64-musl": "1.22.0",
        "lightningcss-linux-x64-gnu": "1.22.0",
        "lightningcss-linux-x64-musl": "1.22.0",
        "lightningcss-win32-x64-msvc": "1.22.0"
      }
    },
    "lightningcss-darwin-arm64": {
      "version": "1.22.0",
      "resolved": "https://registry.npmjs.org/lightningcss-darwin-arm64/-/lightningcss-darwin-arm64-1.22.0.tgz",
      "integrity": "sha512-aH2be3nNny+It5YEVm8tBSSdRlBVWQV8m2oJ7dESiYRzyY/E/bQUe2xlw5caaMuhlM9aoTMtOH25yzMhir0qPg==",
      "optional": true
    },
    "lightningcss-darwin-x64": {
      "version": "1.22.0",
      "resolved": "https://registry.npmjs.org/lightningcss-darwin-x64/-/lightningcss-darwin-x64-1.22.0.tgz",
      "integrity": "sha512-9KHRFA0Y6mNxRHeoQMp0YaI0R0O2kOgUlYPRjuasU4d+pI8NRhVn9bt0yX9VPs5ibWX1RbDViSPtGJvYYrfVAQ==",
      "optional": true
    },
    "lightningcss-freebsd-x64": {
      "version": "1.22.0",
      "resolved": "https://registry.npmjs.org/lightningcss-freebsd-x64/-/lightningcss-freebsd-x64-1.22.0.tgz",
      "integrity": "sha512-xaYL3xperGwD85rQioDb52ozF3NAJb+9wrge3jD9lxGffplu0Mn35rXMptB8Uc2N9Mw1i3Bvl7+z1evlqVl7ww==",
      "optional": true
    },
    "lightningcss-linux-arm-gnueabihf": {
      "version": "1.22.0",
      "resolved": "https://registry.npmjs.org/lightningcss-linux-arm-gnueabihf/-/lightningcss-linux-arm-gnueabihf-1.22.0.tgz",
      "integrity": "sha512-epQGvXIjOuxrZpMpMnRjK54ZqzhiHhCPLtHvw2fb6NeK2kK9YtF0wqmeTBiQ1AkbWfnnXGTstYaFNiadNK+StQ==",
      "optional": true
    },
    "lightningcss-linux-arm64-gnu": {
      "version": "1.22.0",
      "resolved": "https://registry.npmjs.org/lightningcss-linux-arm64-gnu/-/lightningcss-linux-arm64-gnu-1.22.0.tgz",
      "integrity": "sha512-AArGtKSY4DGTA8xP8SDyNyKtpsUl1Rzq6FW4JomeyUQ4nBrR71uPChksTpj3gmWuGhZeRKLeCUI1DBid/zhChg==",
      "optional": true
    },
    "lightningcss-linux-arm64-musl": {
      "version": "1.22.0",
      "resolved": "https://registry.npmjs.org/lightningcss-linux-arm64-musl/-/lightningcss-linux-arm64-musl-1.22.0.tgz",
      "integrity": "sha512-RRraNgP8hnBPhInTTUdlFm+z16C/ghbxBG51Sw00hd7HUyKmEUKRozyc5od+/N6pOrX/bIh5vIbtMXIxsos0lg==",
      "optional": true
    },
    "lightningcss-linux-x64-gnu": {
      "version": "1.22.0",
      "resolved": "https://registry.npmjs.org/lightningcss-linux-x64-gnu/-/lightningcss-linux-x64-gnu-1.22.0.tgz",
      "integrity": "sha512-grdrhYGRi2KrR+bsXJVI0myRADqyA7ekprGxiuK5QRNkv7kj3Yq1fERDNyzZvjisHwKUi29sYMClscbtl+/Zpw==",
      "optional": true
    },
    "lightningcss-linux-x64-musl": {
      "version": "1.22.0",
      "resolved": "https://registry.npmjs.org/lightningcss-linux-x64-musl/-/lightningcss-linux-x64-musl-1.22.0.tgz",
      "integrity": "sha512-t5f90X+iQUtIyR56oXIHMBUyQFX/zwmPt72E6Dane3P8KNGlkijTg2I75XVQS860gNoEFzV7Mm5ArRRA7u5CAQ==",
      "optional": true
    },
    "lightningcss-win32-x64-msvc": {
      "version": "1.22.0",
      "resolved": "https://registry.npmjs.org/lightningcss-win32-x64-msvc/-/lightningcss-win32-x64-msvc-1.22.0.tgz",
      "integrity": "sha512-64HTDtOOZE9PUCZJiZZQpyqXBbdby1lnztBccnqh+NtbKxjnGzP92R2ngcgeuqMPecMNqNWxgoWgTGpC+yN5Sw==",
      "optional": true
    },
    "marked": {
      "version": "9.1.2",
      "resolved": "https://registry.npmjs.org/marked/-/marked-9.1.2.tgz",
      "integrity": "sha512-qoKMJqK0w6vkLk8+KnKZAH6neUZSNaQqVZ/h2yZ9S7CbLuFHyS2viB0jnqcWF9UKjwsAbMrQtnQhdmdvOVOw9w=="
    }
  }
}
